
Microsoft Visual Studio Solution File, Format Version 12.00
# Visual Studio Version 16
VisualStudioVersion = 16.0.32930.78
MinimumVisualStudioVersion = 10.0.40219.1
Project("{8BC9CEB8-8B4A-11D0-8D11-00A0C91BC942}") = "BrlapiClient", "BrlapiClient.vcxproj", "{1AB324B6-D2E1-4377-BE12-3B07EEEF592C}"
EndProject
Global
	GlobalSection(SolutionConfigurationPlatforms) = preSolution
		Debug|ARM = Debug|ARM
		Debug|ARM64 = Debug|ARM64
		Debug|x64 = Debug|x64
		Debug|x86 = Debug|x86
		Release|ARM = Release|ARM
		Release|ARM64 = Release|ARM64
		Release|x64 = Release|x64
		Release|x86 = Release|x86
	EndGlobalSection
	GlobalSection(ProjectConfigurationPlatforms) = postSolution
		{1AB324B6-D2E1-4377-BE12-3B07EEEF592C}.Debug|ARM.ActiveCfg = Debug|ARM
		{1AB324B6-D2E1-4377-BE12-3B07EEEF592C}.Debug|ARM.Build.0 = Debug|ARM
		{1AB324B6-D2E1-4377-BE12-3B07EEEF592C}.Debug|ARM64.ActiveCfg = Debug|ARM64
		{1AB324B6-D2E1-4377-BE12-3B07EEEF592C}.Debug|ARM64.Build.0 = Debug|ARM64
		{1AB324B6-D2E1-4377-BE12-3B07EEEF592C}.Debug|x64.ActiveCfg = Debug|x64
		{1AB324B6-D2E1-4377-BE12-3B07EEEF592C}.Debug|x64.Build.0 = Debug|x64
		{1AB324B6-D2E1-4377-BE12-3B07EEEF592C}.Debug|x86.ActiveCfg = Debug|Win32
		{1AB324B6-D2E1-4377-BE12-3B07EEEF592C}.Debug|x86.Build.0 = Debug|Win32
		{1AB324B6-D2E1-4377-BE12-3B07EEEF592C}.Release|ARM.ActiveCfg = Release|ARM
		{1AB324B6-D2E1-4377-BE12-3B07EEEF592C}.Release|ARM.Build.0 = Release|ARM
		{1AB324B6-D2E1-4377-BE12-3B07EEEF592C}.Release|ARM64.ActiveCfg = Release|ARM64
		{1AB324B6-D2E1-4377-BE12-3B07EEEF592C}.Release|ARM64.Build.0 = Release|ARM64
		{1AB324B6-D2E1-4377-BE12-3B07EEEF592C}.Release|x64.ActiveCfg = Release|x64
		{1AB324B6-D2E1-4377-BE12-3B07EEEF592C}.Release|x64.Build.0 = Release|x64
		{1AB324B6-D2E1-4377-BE12-3B07EEEF592C}.Release|x86.ActiveCfg = Release|Win32
		{1AB324B6-D2E1-4377-BE12-3B07EEEF592C}.Release|x86.Build.0 = Release|Win32
	EndGlobalSection
	GlobalSection(SolutionProperties) = preSolution
		HideSolutionNode = FALSE
	EndGlobalSection
	GlobalSection(ExtensibilityGlobals) = postSolution
		SolutionGuid = {2463B819-DA0E-4C49-B711-56C1B8A1C665}
	EndGlobalSection
EndGlobal
